
Microsoft Visual Studio Solution File, Format Version 12.00
# Visual Studio Version 16
VisualStudioVersion = 16.0.31025.194
MinimumVisualStudioVersion = 10.0.40219.1
Project("{FAE04EC0-301F-11D3-BF4B-00C04F79EFBC}") = "Sistema de cadastro", "Sistema de cadastro\Sistema de cadastro.csproj", "{9230E00F-4FFD-4167-B8A2-7055F1516CD0}"
EndProject
Global
	GlobalSection(SolutionConfigurationPlatforms) = preSolution
		Debug|Any CPU = Debug|Any CPU
		Release|Any CPU = Release|Any CPU
	EndGlobalSection
	GlobalSection(ProjectConfigurationPlatforms) = postSolution
		{9230E00F-4FFD-4167-B8A2-7055F1516CD0}.Debug|Any CPU.ActiveCfg = Debug|Any CPU
		{9230E00F-4FFD-4167-B8A2-7055F1516CD0}.Debug|Any CPU.Build.0 = Debug|Any CPU
		{9230E00F-4FFD-4167-B8A2-7055F1516CD0}.Release|Any CPU.ActiveCfg = Release|Any CPU
		{9230E00F-4FFD-4167-B8A2-7055F1516CD0}.Release|Any CPU.Build.0 = Release|Any CPU
	EndGlobalSection
	GlobalSection(SolutionProperties) = preSolution
		HideSolutionNode = FALSE
	EndGlobalSection
	GlobalSection(ExtensibilityGlobals) = postSolution
		SolutionGuid = {A0064B84-5FFE-4B41-8442-1A78A9982236}
	EndGlobalSection
EndGlobal
